# This file is automatically @generated by Cargo.
# It is not intended for manual editing.
version = 4

[[package]]
name = "sanad-atelier"
version = "0.1.0"

[[package]]
name = "sanad-compositor"
version = "0.1.0"

[[package]]
name = "sanad-folio"
version = "0.1.0"

[[package]]
name = "sanad-kernel"
version = "0.1.0"
